// !$*UTF8*$!
{
	archiveVersion = 1;
	classes = {
	};
	objectVersion = 52;
	objects = {

/* Begin PBXBuildFile section */
		91ABACB62727901100C3A920 /* AppDelegate.swift in Sources */ = {isa = PBXBuildFile; fileRef = 91ABACB52727901100C3A920 /* AppDelegate.swift */; };
		91ABACB82727901100C3A920 /* SceneDelegate.swift in Sources */ = {isa = PBXBuildFile; fileRef = 91ABACB72727901100C3A920 /* SceneDelegate.swift */; };
		91ABACBC2727901200C3A920 /* Assets.xcassets in Resources */ = {isa = PBXBuildFile; fileRef = 91ABACBB2727901200C3A920 /* Assets.xcassets */; };
		91ABACC22727901200C3A920 /* LaunchScreen.storyboard in Resources */ = {isa = PBXBuildFile; fileRef = 91ABACC02727901200C3A920 /* LaunchScreen.storyboard */; };
		91ABACCE272791F800C3A920 /* AppComponent.swift in Sources */ = {isa = PBXBuildFile; fileRef = 91ABACCD272791F800C3A920 /* AppComponent.swift */; };
		91ABACD42727932300C3A920 /* RootRouter.swift in Sources */ = {isa = PBXBuildFile; fileRef = 91ABACD02727932300C3A920 /* RootRouter.swift */; };
		91ABACD52727932300C3A920 /* RootViewController.swift in Sources */ = {isa = PBXBuildFile; fileRef = 91ABACD12727932300C3A920 /* RootViewController.swift */; };
		91ABACD62727932300C3A920 /* RootBuilder.swift in Sources */ = {isa = PBXBuildFile; fileRef = 91ABACD22727932300C3A920 /* RootBuilder.swift */; };
		91ABACD72727932300C3A920 /* RootInteractor.swift in Sources */ = {isa = PBXBuildFile; fileRef = 91ABACD32727932300C3A920 /* RootInteractor.swift */; };
		91C7673C272927C900B97AE8 /* SnapKit in Frameworks */ = {isa = PBXBuildFile; productRef = 91C7673B272927C900B97AE8 /* SnapKit */; };
		91C7674227292CFB00B97AE8 /* LoggedOutRouter.swift in Sources */ = {isa = PBXBuildFile; fileRef = 91C7673E27292CFB00B97AE8 /* LoggedOutRouter.swift */; };
		91C7674327292CFB00B97AE8 /* LoggedOutViewController.swift in Sources */ = {isa = PBXBuildFile; fileRef = 91C7673F27292CFB00B97AE8 /* LoggedOutViewController.swift */; };
		91C7674427292CFB00B97AE8 /* LoggedOutBuilder.swift in Sources */ = {isa = PBXBuildFile; fileRef = 91C7674027292CFB00B97AE8 /* LoggedOutBuilder.swift */; };
		91C7674527292CFB00B97AE8 /* LoggedOutInteractor.swift in Sources */ = {isa = PBXBuildFile; fileRef = 91C7674127292CFB00B97AE8 /* LoggedOutInteractor.swift */; };
		91C767572729317C00B97AE8 /* RxSwift in Frameworks */ = {isa = PBXBuildFile; productRef = 91C767562729317C00B97AE8 /* RxSwift */; };
		91C767592729317C00B97AE8 /* RxCocoa in Frameworks */ = {isa = PBXBuildFile; productRef = 91C767582729317C00B97AE8 /* RxCocoa */; };
		91C7675B2729317C00B97AE8 /* RxRelay in Frameworks */ = {isa = PBXBuildFile; productRef = 91C7675A2729317C00B97AE8 /* RxRelay */; };
		91C7675E2729319700B97AE8 /* RIBs in Frameworks */ = {isa = PBXBuildFile; productRef = 91C7675D2729319700B97AE8 /* RIBs */; };
/* End PBXBuildFile section */

/* Begin PBXFileReference section */
		91ABACB22727901100C3A920 /* TicTacToe.app */ = {isa = PBXFileReference; explicitFileType = wrapper.application; includeInIndex = 0; path = TicTacToe.app; sourceTree = BUILT_PRODUCTS_DIR; };
		91ABACB52727901100C3A920 /* AppDelegate.swift */ = {isa = PBXFileReference; lastKnownFileType = sourcecode.swift; path = AppDelegate.swift; sourceTree = "<group>"; };
		91ABACB72727901100C3A920 /* SceneDelegate.swift */ = {isa = PBXFileReference; lastKnownFileType = sourcecode.swift; path = SceneDelegate.swift; sourceTree = "<group>"; };
		91ABACBB2727901200C3A920 /* Assets.xcassets */ = {isa = PBXFileReference; lastKnownFileType = folder.assetcatalog; path = Assets.xcassets; sourceTree = "<group>"; };
		91ABACC12727901200C3A920 /* Base */ = {isa = PBXFileReference; lastKnownFileType = file.storyboard; name = Base; path = Base.lproj/LaunchScreen.storyboard; sourceTree = "<group>"; };
		91ABACC32727901200C3A920 /* Info.plist */ = {isa = PBXFileReference; lastKnownFileType = text.plist.xml; path = Info.plist; sourceTree = "<group>"; };
		91ABACCD272791F800C3A920 /* AppComponent.swift */ = {isa = PBXFileReference; lastKnownFileType = sourcecode.swift; path = AppComponent.swift; sourceTree = "<group>"; };
		91ABACD02727932300C3A920 /* RootRouter.swift */ = {isa = PBXFileReference; lastKnownFileType = sourcecode.swift; path = RootRouter.swift; sourceTree = "<group>"; };
		91ABACD12727932300C3A920 /* RootViewController.swift */ = {isa = PBXFileReference; lastKnownFileType = sourcecode.swift; path = RootViewController.swift; sourceTree = "<group>"; };
		91ABACD22727932300C3A920 /* RootBuilder.swift */ = {isa = PBXFileReference; lastKnownFileType = sourcecode.swift; path = RootBuilder.swift; sourceTree = "<group>"; };
		91ABACD32727932300C3A920 /* RootInteractor.swift */ = {isa = PBXFileReference; lastKnownFileType = sourcecode.swift; path = RootInteractor.swift; sourceTree = "<group>"; };
		91C7673E27292CFB00B97AE8 /* LoggedOutRouter.swift */ = {isa = PBXFileReference; lastKnownFileType = sourcecode.swift; path = LoggedOutRouter.swift; sourceTree = "<group>"; };
		91C7673F27292CFB00B97AE8 /* LoggedOutViewController.swift */ = {isa = PBXFileReference; lastKnownFileType = sourcecode.swift; path = LoggedOutViewController.swift; sourceTree = "<group>"; };
		91C7674027292CFB00B97AE8 /* LoggedOutBuilder.swift */ = {isa = PBXFileReference; lastKnownFileType = sourcecode.swift; path = LoggedOutBuilder.swift; sourceTree = "<group>"; };
		91C7674127292CFB00B97AE8 /* LoggedOutInteractor.swift */ = {isa = PBXFileReference; lastKnownFileType = sourcecode.swift; path = LoggedOutInteractor.swift; sourceTree = "<group>"; };
/* End PBXFileReference section */

/* Begin PBXFrameworksBuildPhase section */
		91ABACAF2727901100C3A920 /* Frameworks */ = {
			isa = PBXFrameworksBuildPhase;
			buildActionMask = 2147483647;
			files = (
				91C7675E2729319700B97AE8 /* RIBs in Frameworks */,
				91C767592729317C00B97AE8 /* RxCocoa in Frameworks */,
				91C767572729317C00B97AE8 /* RxSwift in Frameworks */,
				91C7675B2729317C00B97AE8 /* RxRelay in Frameworks */,
				91C7673C272927C900B97AE8 /* SnapKit in Frameworks */,
			);
			runOnlyForDeploymentPostprocessing = 0;
		};
/* End PBXFrameworksBuildPhase section */

/* Begin PBXGroup section */
		91ABACA92727901100C3A920 = {
			isa = PBXGroup;
			children = (
				91ABACB42727901100C3A920 /* TicTacToe */,
				91ABACB32727901100C3A920 /* Products */,
			);
			sourceTree = "<group>";
		};
		91ABACB32727901100C3A920 /* Products */ = {
			isa = PBXGroup;
			children = (
				91ABACB22727901100C3A920 /* TicTacToe.app */,
			);
			name = Products;
			sourceTree = "<group>";
		};
		91ABACB42727901100C3A920 /* TicTacToe */ = {
			isa = PBXGroup;
			children = (
				91C7673D27292CE000B97AE8 /* LoggedOut */,
				91C76739272919A900B97AE8 /* Common */,
				91ABACCF2727925400C3A920 /* Root */,
				91ABACCD272791F800C3A920 /* AppComponent.swift */,
				91ABACB52727901100C3A920 /* AppDelegate.swift */,
				91ABACB72727901100C3A920 /* SceneDelegate.swift */,
			);
			path = TicTacToe;
			sourceTree = "<group>";
		};
		91ABACC92727901F00C3A920 /* Resource */ = {
			isa = PBXGroup;
			children = (
				91ABACBB2727901200C3A920 /* Assets.xcassets */,
				91ABACC02727901200C3A920 /* LaunchScreen.storyboard */,
				91ABACC32727901200C3A920 /* Info.plist */,
			);
			path = Resource;
			sourceTree = "<group>";
		};
		91ABACCF2727925400C3A920 /* Root */ = {
			isa = PBXGroup;
			children = (
				91ABACD02727932300C3A920 /* RootRouter.swift */,
				91ABACD12727932300C3A920 /* RootViewController.swift */,
				91ABACD22727932300C3A920 /* RootBuilder.swift */,
				91ABACD32727932300C3A920 /* RootInteractor.swift */,
			);
			path = Root;
			sourceTree = "<group>";
		};
		91C76739272919A900B97AE8 /* Common */ = {
			isa = PBXGroup;
			children = (
				91ABACC92727901F00C3A920 /* Resource */,
			);
			path = Common;
			sourceTree = "<group>";
		};
		91C7673D27292CE000B97AE8 /* LoggedOut */ = {
			isa = PBXGroup;
			children = (
				91C7673E27292CFB00B97AE8 /* LoggedOutRouter.swift */,
				91C7673F27292CFB00B97AE8 /* LoggedOutViewController.swift */,
				91C7674027292CFB00B97AE8 /* LoggedOutBuilder.swift */,
				91C7674127292CFB00B97AE8 /* LoggedOutInteractor.swift */,
			);
			path = LoggedOut;
			sourceTree = "<group>";
		};
/* End PBXGroup section */

/* Begin PBXNativeTarget section */
		91ABACB12727901100C3A920 /* TicTacToe */ = {
			isa = PBXNativeTarget;
			buildConfigurationList = 91ABACC62727901200C3A920 /* Build configuration list for PBXNativeTarget "TicTacToe" */;
			buildPhases = (
				91ABACAE2727901100C3A920 /* Sources */,
				91ABACAF2727901100C3A920 /* Frameworks */,
				91ABACB02727901100C3A920 /* Resources */,
			);
			buildRules = (
			);
			dependencies = (
			);
			name = TicTacToe;
			packageProductDependencies = (
				91C7673B272927C900B97AE8 /* SnapKit */,
				91C767562729317C00B97AE8 /* RxSwift */,
				91C767582729317C00B97AE8 /* RxCocoa */,
				91C7675A2729317C00B97AE8 /* RxRelay */,
				91C7675D2729319700B97AE8 /* RIBs */,
			);
			productName = TicTacToe;
			productReference = 91ABACB22727901100C3A920 /* TicTacToe.app */;
			productType = "com.apple.product-type.application";
		};
/* End PBXNativeTarget section */

/* Begin PBXProject section */
		91ABACAA2727901100C3A920 /* Project object */ = {
			isa = PBXProject;
			attributes = {
				LastSwiftUpdateCheck = 1250;
				LastUpgradeCheck = 1250;
				TargetAttributes = {
					91ABACB12727901100C3A920 = {
						CreatedOnToolsVersion = 12.5.1;
					};
				};
			};
			buildConfigurationList = 91ABACAD2727901100C3A920 /* Build configuration list for PBXProject "TicTacToe" */;
			compatibilityVersion = "Xcode 9.3";
			developmentRegion = en;
			hasScannedForEncodings = 0;
			knownRegions = (
				en,
				Base,
			);
			mainGroup = 91ABACA92727901100C3A920;
			packageReferences = (
				91C7673A272927C900B97AE8 /* XCRemoteSwiftPackageReference "SnapKit" */,
				91C767552729317C00B97AE8 /* XCRemoteSwiftPackageReference "RxSwift" */,
				91C7675C2729319700B97AE8 /* XCRemoteSwiftPackageReference "RIBs" */,
			);
			productRefGroup = 91ABACB32727901100C3A920 /* Products */;
			projectDirPath = "";
			projectRoot = "";
			targets = (
				91ABACB12727901100C3A920 /* TicTacToe */,
			);
		};
/* End PBXProject section */

/* Begin PBXResourcesBuildPhase section */
		91ABACB02727901100C3A920 /* Resources */ = {
			isa = PBXResourcesBuildPhase;
			buildActionMask = 2147483647;
			files = (
				91ABACC22727901200C3A920 /* LaunchScreen.storyboard in Resources */,
				91ABACBC2727901200C3A920 /* Assets.xcassets in Resources */,
			);
			runOnlyForDeploymentPostprocessing = 0;
		};
/* End PBXResourcesBuildPhase section */

/* Begin PBXSourcesBuildPhase section */
		91ABACAE2727901100C3A920 /* Sources */ = {
			isa = PBXSourcesBuildPhase;
			buildActionMask = 2147483647;
			files = (
				91C7674527292CFB00B97AE8 /* LoggedOutInteractor.swift in Sources */,
				91ABACD52727932300C3A920 /* RootViewController.swift in Sources */,
				91ABACD42727932300C3A920 /* RootRouter.swift in Sources */,
				91C7674427292CFB00B97AE8 /* LoggedOutBuilder.swift in Sources */,
				91ABACD72727932300C3A920 /* RootInteractor.swift in Sources */,
				91C7674227292CFB00B97AE8 /* LoggedOutRouter.swift in Sources */,
				91ABACB62727901100C3A920 /* AppDelegate.swift in Sources */,
				91ABACB82727901100C3A920 /* SceneDelegate.swift in Sources */,
				91ABACCE272791F800C3A920 /* AppComponent.swift in Sources */,
				91C7674327292CFB00B97AE8 /* LoggedOutViewController.swift in Sources */,
				91ABACD62727932300C3A920 /* RootBuilder.swift in Sources */,
			);
			runOnlyForDeploymentPostprocessing = 0;
		};
/* End PBXSourcesBuildPhase section */

/* Begin PBXVariantGroup section */
		91ABACC02727901200C3A920 /* LaunchScreen.storyboard */ = {
			isa = PBXVariantGroup;
			children = (
				91ABACC12727901200C3A920 /* Base */,
			);
			name = LaunchScreen.storyboard;
			sourceTree = "<group>";
		};
/* End PBXVariantGroup section */

/* Begin XCBuildConfiguration section */
		91ABACC42727901200C3A920 /* Debug */ = {
			isa = XCBuildConfiguration;
			buildSettings = {
				ALWAYS_SEARCH_USER_PATHS = NO;
				CLANG_ANALYZER_NONNULL = YES;
				CLANG_ANALYZER_NUMBER_OBJECT_CONVERSION = YES_AGGRESSIVE;
				CLANG_CXX_LANGUAGE_STANDARD = "gnu++14";
				CLANG_CXX_LIBRARY = "libc++";
				CLANG_ENABLE_MODULES = YES;
				CLANG_ENABLE_OBJC_ARC = YES;
				CLANG_ENABLE_OBJC_WEAK = YES;
				CLANG_WARN_BLOCK_CAPTURE_AUTORELEASING = YES;
				CLANG_WARN_BOOL_CONVERSION = YES;
				CLANG_WARN_COMMA = YES;
				CLANG_WARN_CONSTANT_CONVERSION = YES;
				CLANG_WARN_DEPRECATED_OBJC_IMPLEMENTATIONS = YES;
				CLANG_WARN_DIRECT_OBJC_ISA_USAGE = YES_ERROR;
				CLANG_WARN_DOCUMENTATION_COMMENTS = YES;
				CLANG_WARN_EMPTY_BODY = YES;
				CLANG_WARN_ENUM_CONVERSION = YES;
				CLANG_WARN_INFINITE_RECURSION = YES;
				CLANG_WARN_INT_CONVERSION = YES;
				CLANG_WARN_NON_LITERAL_NULL_CONVERSION = YES;
				CLANG_WARN_OBJC_IMPLICIT_RETAIN_SELF = YES;
				CLANG_WARN_OBJC_LITERAL_CONVERSION = YES;
				CLANG_WARN_OBJC_ROOT_CLASS = YES_ERROR;
				CLANG_WARN_QUOTED_INCLUDE_IN_FRAMEWORK_HEADER = YES;
				CLANG_WARN_RANGE_LOOP_ANALYSIS = YES;
				CLANG_WARN_STRICT_PROTOTYPES = YES;
				CLANG_WARN_SUSPICIOUS_MOVE = YES;
				CLANG_WARN_UNGUARDED_AVAILABILITY = YES_AGGRESSIVE;
				CLANG_WARN_UNREACHABLE_CODE = YES;
				CLANG_WARN__DUPLICATE_METHOD_MATCH = YES;
				COPY_PHASE_STRIP = NO;
				DEBUG_INFORMATION_FORMAT = dwarf;
				ENABLE_STRICT_OBJC_MSGSEND = YES;
				ENABLE_TESTABILITY = YES;
				GCC_C_LANGUAGE_STANDARD = gnu11;
				GCC_DYNAMIC_NO_PIC = NO;
				GCC_NO_COMMON_BLOCKS = YES;
				GCC_OPTIMIZATION_LEVEL = 0;
				GCC_PREPROCESSOR_DEFINITIONS = (
					"DEBUG=1",
					"$(inherited)",
				);
				GCC_WARN_64_TO_32_BIT_CONVERSION = YES;
				GCC_WARN_ABOUT_RETURN_TYPE = YES_ERROR;
				GCC_WARN_UNDECLARED_SELECTOR = YES;
				GCC_WARN_UNINITIALIZED_AUTOS = YES_AGGRESSIVE;
				GCC_WARN_UNUSED_FUNCTION = YES;
				GCC_WARN_UNUSED_VARIABLE = YES;
				IPHONEOS_DEPLOYMENT_TARGET = 14.5;
				MTL_ENABLE_DEBUG_INFO = INCLUDE_SOURCE;
				MTL_FAST_MATH = YES;
				ONLY_ACTIVE_ARCH = YES;
				SDKROOT = iphoneos;
				SWIFT_ACTIVE_COMPILATION_CONDITIONS = DEBUG;
				SWIFT_OPTIMIZATION_LEVEL = "-Onone";
			};
			name = Debug;
		};
		91ABACC52727901200C3A920 /* Release */ = {
			isa = XCBuildConfiguration;
			buildSettings = {
				ALWAYS_SEARCH_USER_PATHS = NO;
				CLANG_ANALYZER_NONNULL = YES;
				CLANG_ANALYZER_NUMBER_OBJECT_CONVERSION = YES_AGGRESSIVE;
				CLANG_CXX_LANGUAGE_STANDARD = "gnu++14";
				CLANG_CXX_LIBRARY = "libc++";
				CLANG_ENABLE_MODULES = YES;
				CLANG_ENABLE_OBJC_ARC = YES;
				CLANG_ENABLE_OBJC_WEAK = YES;
				CLANG_WARN_BLOCK_CAPTURE_AUTORELEASING = YES;
				CLANG_WARN_BOOL_CONVERSION = YES;
				CLANG_WARN_COMMA = YES;
				CLANG_WARN_CONSTANT_CONVERSION = YES;
				CLANG_WARN_DEPRECATED_OBJC_IMPLEMENTATIONS = YES;
				CLANG_WARN_DIRECT_OBJC_ISA_USAGE = YES_ERROR;
				CLANG_WARN_DOCUMENTATION_COMMENTS = YES;
				CLANG_WARN_EMPTY_BODY = YES;
				CLANG_WARN_ENUM_CONVERSION = YES;
				CLANG_WARN_INFINITE_RECURSION = YES;
				CLANG_WARN_INT_CONVERSION = YES;
				CLANG_WARN_NON_LITERAL_NULL_CONVERSION = YES;
				CLANG_WARN_OBJC_IMPLICIT_RETAIN_SELF = YES;
				CLANG_WARN_OBJC_LITERAL_CONVERSION = YES;
				CLANG_WARN_OBJC_ROOT_CLASS = YES_ERROR;
				CLANG_WARN_QUOTED_INCLUDE_IN_FRAMEWORK_HEADER = YES;
				CLANG_WARN_RANGE_LOOP_ANALYSIS = YES;
				CLANG_WARN_STRICT_PROTOTYPES = YES;
				CLANG_WARN_SUSPICIOUS_MOVE = YES;
				CLANG_WARN_UNGUARDED_AVAILABILITY = YES_AGGRESSIVE;
				CLANG_WARN_UNREACHABLE_CODE = YES;
				CLANG_WARN__DUPLICATE_METHOD_MATCH = YES;
				COPY_PHASE_STRIP = NO;
				DEBUG_INFORMATION_FORMAT = "dwarf-with-dsym";
				ENABLE_NS_ASSERTIONS = NO;
				ENABLE_STRICT_OBJC_MSGSEND = YES;
				GCC_C_LANGUAGE_STANDARD = gnu11;
				GCC_NO_COMMON_BLOCKS = YES;
				GCC_WARN_64_TO_32_BIT_CONVERSION = YES;
				GCC_WARN_ABOUT_RETURN_TYPE = YES_ERROR;
				GCC_WARN_UNDECLARED_SELECTOR = YES;
				GCC_WARN_UNINITIALIZED_AUTOS = YES_AGGRESSIVE;
				GCC_WARN_UNUSED_FUNCTION = YES;
				GCC_WARN_UNUSED_VARIABLE = YES;
				IPHONEOS_DEPLOYMENT_TARGET = 14.5;
				MTL_ENABLE_DEBUG_INFO = NO;
				MTL_FAST_MATH = YES;
				SDKROOT = iphoneos;
				SWIFT_COMPILATION_MODE = wholemodule;
				SWIFT_OPTIMIZATION_LEVEL = "-O";
				VALIDATE_PRODUCT = YES;
			};
			name = Release;
		};
		91ABACC72727901200C3A920 /* Debug */ = {
			isa = XCBuildConfiguration;
			buildSettings = {
				ASSETCATALOG_COMPILER_APPICON_NAME = AppIcon;
				ASSETCATALOG_COMPILER_GLOBAL_ACCENT_COLOR_NAME = AccentColor;
				CODE_SIGN_STYLE = Automatic;
				DEVELOPMENT_ASSET_PATHS = "";
				ENABLE_PREVIEWS = YES;
				INFOPLIST_FILE = TicTacToe/Common/Resource/Info.plist;
				LD_RUNPATH_SEARCH_PATHS = (
					"$(inherited)",
					"@executable_path/Frameworks",
				);
				PRODUCT_BUNDLE_IDENTIFIER = io.github.jesterz91.TicTacToe;
				PRODUCT_NAME = "$(TARGET_NAME)";
				SWIFT_VERSION = 5.0;
				TARGETED_DEVICE_FAMILY = "1,2";
			};
			name = Debug;
		};
		91ABACC82727901200C3A920 /* Release */ = {
			isa = XCBuildConfiguration;
			buildSettings = {
				ASSETCATALOG_COMPILER_APPICON_NAME = AppIcon;
				ASSETCATALOG_COMPILER_GLOBAL_ACCENT_COLOR_NAME = AccentColor;
				CODE_SIGN_STYLE = Automatic;
				DEVELOPMENT_ASSET_PATHS = "";
				ENABLE_PREVIEWS = YES;
				INFOPLIST_FILE = TicTacToe/Common/Resource/Info.plist;
				LD_RUNPATH_SEARCH_PATHS = (
					"$(inherited)",
					"@executable_path/Frameworks",
				);
				PRODUCT_BUNDLE_IDENTIFIER = io.github.jesterz91.TicTacToe;
				PRODUCT_NAME = "$(TARGET_NAME)";
				SWIFT_VERSION = 5.0;
				TARGETED_DEVICE_FAMILY = "1,2";
			};
			name = Release;
		};
/* End XCBuildConfiguration section */

/* Begin XCConfigurationList section */
		91ABACAD2727901100C3A920 /* Build configuration list for PBXProject "TicTacToe" */ = {
			isa = XCConfigurationList;
			buildConfigurations = (
				91ABACC42727901200C3A920 /* Debug */,
				91ABACC52727901200C3A920 /* Release */,
			);
			defaultConfigurationIsVisible = 0;
			defaultConfigurationName = Release;
		};
		91ABACC62727901200C3A920 /* Build configuration list for PBXNativeTarget "TicTacToe" */ = {
			isa = XCConfigurationList;
			buildConfigurations = (
				91ABACC72727901200C3A920 /* Debug */,
				91ABACC82727901200C3A920 /* Release */,
			);
			defaultConfigurationIsVisible = 0;
			defaultConfigurationName = Release;
		};
/* End XCConfigurationList section */

/* Begin XCRemoteSwiftPackageReference section */
		91C7673A272927C900B97AE8 /* XCRemoteSwiftPackageReference "SnapKit" */ = {
			isa = XCRemoteSwiftPackageReference;
			repositoryURL = "https://github.com/SnapKit/SnapKit.git";
			requirement = {
				kind = upToNextMajorVersion;
				minimumVersion = 5.0.1;
			};
		};
		91C767552729317C00B97AE8 /* XCRemoteSwiftPackageReference "RxSwift" */ = {
			isa = XCRemoteSwiftPackageReference;
			repositoryURL = "https://github.com/ReactiveX/RxSwift.git";
			requirement = {
				kind = upToNextMajorVersion;
				minimumVersion = 6.2.0;
			};
		};
		91C7675C2729319700B97AE8 /* XCRemoteSwiftPackageReference "RIBs" */ = {
			isa = XCRemoteSwiftPackageReference;
			repositoryURL = "https://github.com/uber/RIBs.git";
			requirement = {
				kind = upToNextMajorVersion;
				minimumVersion = 0.12.0;
			};
		};
/* End XCRemoteSwiftPackageReference section */

/* Begin XCSwiftPackageProductDependency section */
		91C7673B272927C900B97AE8 /* SnapKit */ = {
			isa = XCSwiftPackageProductDependency;
			package = 91C7673A272927C900B97AE8 /* XCRemoteSwiftPackageReference "SnapKit" */;
			productName = SnapKit;
		};
		91C767562729317C00B97AE8 /* RxSwift */ = {
			isa = XCSwiftPackageProductDependency;
			package = 91C767552729317C00B97AE8 /* XCRemoteSwiftPackageReference "RxSwift" */;
			productName = RxSwift;
		};
		91C767582729317C00B97AE8 /* RxCocoa */ = {
			isa = XCSwiftPackageProductDependency;
			package = 91C767552729317C00B97AE8 /* XCRemoteSwiftPackageReference "RxSwift" */;
			productName = RxCocoa;
		};
		91C7675A2729317C00B97AE8 /* RxRelay */ = {
			isa = XCSwiftPackageProductDependency;
			package = 91C767552729317C00B97AE8 /* XCRemoteSwiftPackageReference "RxSwift" */;
			productName = RxRelay;
		};
		91C7675D2729319700B97AE8 /* RIBs */ = {
			isa = XCSwiftPackageProductDependency;
			package = 91C7675C2729319700B97AE8 /* XCRemoteSwiftPackageReference "RIBs" */;
			productName = RIBs;
		};
/* End XCSwiftPackageProductDependency section */
	};
	rootObject = 91ABACAA2727901100C3A920 /* Project object */;
}
